#include <iostream>
#include <stdio.h>
#include <stdlib.h>
#include <ctime>

using namespace std;

int main() {
	int start = time(NULL);
	int heads = 0;
	int tails = 0;
	int outcome = 100;

	for (int i = 0; i < 1000000; i++) {
		srand((unsigned)time(0));
		int outcome = 1 + (rand() % 10);
		if (outcome < 5) {
			cout << "You got a heads" << endl;
			heads = heads + 1;
			outcome = 100;
		}
		else if (5 <= outcome < 10) {
			cout << "You got a tails" << endl;
			tails = tails + 1;
			outcome = 100;
		}
		else {
			continue;
		}
	}
	cout << "You flipped " << heads << " heads and " << tails << " tails" << endl;
	int end = time(NULL);
	int time_result = end - start;


	cout << "That took " << time_result << " seconds!" << endl;




	return 0;
}
